
Microsoft Visual Studio Solution File, Format Version 12.00
# Visual Studio Version 17
VisualStudioVersion = 17.3.32929.385
MinimumVisualStudioVersion = 10.0.40219.1
Project("{FAE04EC0-301F-11D3-BF4B-00C04F79EFBC}") = "Ovning5", "Ovning5\Ovning5.csproj", "{F66DD8D2-C907-4A0C-A8DF-07F9735DAE22}"
EndProject
Global
	GlobalSection(SolutionConfigurationPlatforms) = preSolution
		Debug|Any CPU = Debug|Any CPU
		Release|Any CPU = Release|Any CPU
	EndGlobalSection
	GlobalSection(ProjectConfigurationPlatforms) = postSolution
		{F66DD8D2-C907-4A0C-A8DF-07F9735DAE22}.Debug|Any CPU.ActiveCfg = Debug|Any CPU
		{F66DD8D2-C907-4A0C-A8DF-07F9735DAE22}.Debug|Any CPU.Build.0 = Debug|Any CPU
		{F66DD8D2-C907-4A0C-A8DF-07F9735DAE22}.Release|Any CPU.ActiveCfg = Release|Any CPU
		{F66DD8D2-C907-4A0C-A8DF-07F9735DAE22}.Release|Any CPU.Build.0 = Release|Any CPU
	EndGlobalSection
	GlobalSection(SolutionProperties) = preSolution
		HideSolutionNode = FALSE
	EndGlobalSection
	GlobalSection(ExtensibilityGlobals) = postSolution
		SolutionGuid = {423085FA-2FE0-4820-8EB6-5B2E4D95715A}
	EndGlobalSection
EndGlobal
